// !$*UTF8*$!
{
	archiveVersion = 1;
	classes = {
	};
	objectVersion = 46;
	objects = {

/* Begin PBXBuildFile section */
		574586B01F3EFF01003711C7 /* main.m in Sources */ = {isa = PBXBuildFile; fileRef = 574586AF1F3EFF01003711C7 /* main.m */; };
		574586B31F3EFF01003711C7 /* AppDelegate.m in Sources */ = {isa = PBXBuildFile; fileRef = 574586B21F3EFF01003711C7 /* AppDelegate.m */; };
		574586B61F3EFF01003711C7 /* ViewController.m in Sources */ = {isa = PBXBuildFile; fileRef = 574586B51F3EFF01003711C7 /* ViewController.m */; };
		574586B91F3EFF01003711C7 /* Main.storyboard in Resources */ = {isa = PBXBuildFile; fileRef = 574586B71F3EFF01003711C7 /* Main.storyboard */; };
		574586BB1F3EFF01003711C7 /* Assets.xcassets in Resources */ = {isa = PBXBuildFile; fileRef = 574586BA1F3EFF01003711C7 /* Assets.xcassets */; };
		574586BE1F3EFF01003711C7 /* LaunchScreen.storyboard in Resources */ = {isa = PBXBuildFile; fileRef = 574586BC1F3EFF01003711C7 /* LaunchScreen.storyboard */; };
		574586C71F3EFF24003711C7 /* LXTaxiTitleView.m in Sources */ = {isa = PBXBuildFile; fileRef = 574586C61F3EFF24003711C7 /* LXTaxiTitleView.m */; };
		574586CA1F3EFF98003711C7 /* UIView+Frame.m in Sources */ = {isa = PBXBuildFile; fileRef = 574586C91F3EFF98003711C7 /* UIView+Frame.m */; };
/* End PBXBuildFile section */

/* Begin PBXFileReference section */
		574586AB1F3EFF01003711C7 /* TestTitleView.app */ = {isa = PBXFileReference; explicitFileType = wrapper.application; includeInIndex = 0; path = TestTitleView.app; sourceTree = BUILT_PRODUCTS_DIR; };
		574586AF1F3EFF01003711C7 /* main.m */ = {isa = PBXFileReference; lastKnownFileType = sourcecode.c.objc; path = main.m; sourceTree = "<group>"; };
		574586B11F3EFF01003711C7 /* AppDelegate.h */ = {isa = PBXFileReference; lastKnownFileType = sourcecode.c.h; path = AppDelegate.h; sourceTree = "<group>"; };
		574586B21F3EFF01003711C7 /* AppDelegate.m */ = {isa = PBXFileReference; lastKnownFileType = sourcecode.c.objc; path = AppDelegate.m; sourceTree = "<group>"; };
		574586B41F3EFF01003711C7 /* ViewController.h */ = {isa = PBXFileReference; lastKnownFileType = sourcecode.c.h; path = ViewController.h; sourceTree = "<group>"; };
		574586B51F3EFF01003711C7 /* ViewController.m */ = {isa = PBXFileReference; lastKnownFileType = sourcecode.c.objc; path = ViewController.m; sourceTree = "<group>"; };
		574586B81F3EFF01003711C7 /* Base */ = {isa = PBXFileReference; lastKnownFileType = file.storyboard; name = Base; path = Base.lproj/Main.storyboard; sourceTree = "<group>"; };
		574586BA1F3EFF01003711C7 /* Assets.xcassets */ = {isa = PBXFileReference; lastKnownFileType = folder.assetcatalog; path = Assets.xcassets; sourceTree = "<group>"; };
		574586BD1F3EFF01003711C7 /* Base */ = {isa = PBXFileReference; lastKnownFileType = file.storyboard; name = Base; path = Base.lproj/LaunchScreen.storyboard; sourceTree = "<group>"; };
		574586BF1F3EFF01003711C7 /* Info.plist */ = {isa = PBXFileReference; lastKnownFileType = text.plist.xml; path = Info.plist; sourceTree = "<group>"; };
		574586C51F3EFF24003711C7 /* LXTaxiTitleView.h */ = {isa = PBXFileReference; fileEncoding = 4; lastKnownFileType = sourcecode.c.h; path = LXTaxiTitleView.h; sourceTree = "<group>"; };
		574586C61F3EFF24003711C7 /* LXTaxiTitleView.m */ = {isa = PBXFileReference; fileEncoding = 4; lastKnownFileType = sourcecode.c.objc; path = LXTaxiTitleView.m; sourceTree = "<group>"; };
		574586C81F3EFF98003711C7 /* UIView+Frame.h */ = {isa = PBXFileReference; fileEncoding = 4; lastKnownFileType = sourcecode.c.h; path = "UIView+Frame.h"; sourceTree = "<group>"; };
		574586C91F3EFF98003711C7 /* UIView+Frame.m */ = {isa = PBXFileReference; fileEncoding = 4; lastKnownFileType = sourcecode.c.objc; path = "UIView+Frame.m"; sourceTree = "<group>"; };
/* End PBXFileReference section */

/* Begin PBXFrameworksBuildPhase section */
		574586A81F3EFF01003711C7 /* Frameworks */ = {
			isa = PBXFrameworksBuildPhase;
			buildActionMask = 2147483647;
			files = (
			);
			runOnlyForDeploymentPostprocessing = 0;
		};
/* End PBXFrameworksBuildPhase section */

/* Begin PBXGroup section */
		574586A21F3EFF01003711C7 = {
			isa = PBXGroup;
			children = (
				574586AD1F3EFF01003711C7 /* TestTitleView */,
				574586AC1F3EFF01003711C7 /* Products */,
			);
			sourceTree = "<group>";
		};
		574586AC1F3EFF01003711C7 /* Products */ = {
			isa = PBXGroup;
			children = (
				574586AB1F3EFF01003711C7 /* TestTitleView.app */,
			);
			name = Products;
			sourceTree = "<group>";
		};
		574586AD1F3EFF01003711C7 /* TestTitleView */ = {
			isa = PBXGroup;
			children = (
				574586C81F3EFF98003711C7 /* UIView+Frame.h */,
				574586C91F3EFF98003711C7 /* UIView+Frame.m */,
				574586C51F3EFF24003711C7 /* LXTaxiTitleView.h */,
				574586C61F3EFF24003711C7 /* LXTaxiTitleView.m */,
				574586B11F3EFF01003711C7 /* AppDelegate.h */,
				574586B21F3EFF01003711C7 /* AppDelegate.m */,
				574586B41F3EFF01003711C7 /* ViewController.h */,
				574586B51F3EFF01003711C7 /* ViewController.m */,
				574586B71F3EFF01003711C7 /* Main.storyboard */,
				574586BA1F3EFF01003711C7 /* Assets.xcassets */,
				574586BC1F3EFF01003711C7 /* LaunchScreen.storyboard */,
				574586BF1F3EFF01003711C7 /* Info.plist */,
				574586AE1F3EFF01003711C7 /* Supporting Files */,
			);
			path = TestTitleView;
			sourceTree = "<group>";
		};
		574586AE1F3EFF01003711C7 /* Supporting Files */ = {
			isa = PBXGroup;
			children = (
				574586AF1F3EFF01003711C7 /* main.m */,
			);
			name = "Supporting Files";
			sourceTree = "<group>";
		};
/* End PBXGroup section */

/* Begin PBXNativeTarget section */
		574586AA1F3EFF01003711C7 /* TestTitleView */ = {
			isa = PBXNativeTarget;
			buildConfigurationList = 574586C21F3EFF01003711C7 /* Build configuration list for PBXNativeTarget "TestTitleView" */;
			buildPhases = (
				574586A71F3EFF01003711C7 /* Sources */,
				574586A81F3EFF01003711C7 /* Frameworks */,
				574586A91F3EFF01003711C7 /* Resources */,
			);
			buildRules = (
			);
			dependencies = (
			);
			name = TestTitleView;
			productName = TestTitleView;
			productReference = 574586AB1F3EFF01003711C7 /* TestTitleView.app */;
			productType = "com.apple.product-type.application";
		};
/* End PBXNativeTarget section */

/* Begin PBXProject section */
		574586A31F3EFF01003711C7 /* Project object */ = {
			isa = PBXProject;
			attributes = {
				LastUpgradeCheck = 0830;
				ORGANIZATIONNAME = lexingtianxia;
				TargetAttributes = {
					574586AA1F3EFF01003711C7 = {
						CreatedOnToolsVersion = 8.3.3;
						DevelopmentTeam = BR65FN85AD;
						ProvisioningStyle = Automatic;
					};
				};
			};
			buildConfigurationList = 574586A61F3EFF01003711C7 /* Build configuration list for PBXProject "TestTitleView" */;
			compatibilityVersion = "Xcode 3.2";
			developmentRegion = English;
			hasScannedForEncodings = 0;
			knownRegions = (
				en,
				Base,
			);
			mainGroup = 574586A21F3EFF01003711C7;
			productRefGroup = 574586AC1F3EFF01003711C7 /* Products */;
			projectDirPath = "";
			projectRoot = "";
			targets = (
				574586AA1F3EFF01003711C7 /* TestTitleView */,
			);
		};
/* End PBXProject section */

/* Begin PBXResourcesBuildPhase section */
		574586A91F3EFF01003711C7 /* Resources */ = {
			isa = PBXResourcesBuildPhase;
			buildActionMask = 2147483647;
			files = (
				574586BE1F3EFF01003711C7 /* LaunchScreen.storyboard in Resources */,
				574586BB1F3EFF01003711C7 /* Assets.xcassets in Resources */,
				574586B91F3EFF01003711C7 /* Main.storyboard in Resources */,
			);
			runOnlyForDeploymentPostprocessing = 0;
		};
/* End PBXResourcesBuildPhase section */

/* Begin PBXSourcesBuildPhase section */
		574586A71F3EFF01003711C7 /* Sources */ = {
			isa = PBXSourcesBuildPhase;
			buildActionMask = 2147483647;
			files = (
				574586B61F3EFF01003711C7 /* ViewController.m in Sources */,
				574586B31F3EFF01003711C7 /* AppDelegate.m in Sources */,
				574586B01F3EFF01003711C7 /* main.m in Sources */,
				574586CA1F3EFF98003711C7 /* UIView+Frame.m in Sources */,
				574586C71F3EFF24003711C7 /* LXTaxiTitleView.m in Sources */,
			);
			runOnlyForDeploymentPostprocessing = 0;
		};
/* End PBXSourcesBuildPhase section */

/* Begin PBXVariantGroup section */
		574586B71F3EFF01003711C7 /* Main.storyboard */ = {
			isa = PBXVariantGroup;
			children = (
				574586B81F3EFF01003711C7 /* Base */,
			);
			name = Main.storyboard;
			sourceTree = "<group>";
		};
		574586BC1F3EFF01003711C7 /* LaunchScreen.storyboard */ = {
			isa = PBXVariantGroup;
			children = (
				574586BD1F3EFF01003711C7 /* Base */,
			);
			name = LaunchScreen.storyboard;
			sourceTree = "<group>";
		};
/* End PBXVariantGroup section */

/* Begin XCBuildConfiguration section */
		574586C01F3EFF01003711C7 /* Debug */ = {
			isa = XCBuildConfiguration;
			buildSettings = {
				ALWAYS_SEARCH_USER_PATHS = NO;
				CLANG_ANALYZER_NONNULL = YES;
				CLANG_ANALYZER_NUMBER_OBJECT_CONVERSION = YES_AGGRESSIVE;
				CLANG_CXX_LANGUAGE_STANDARD = "gnu++0x";
				CLANG_CXX_LIBRARY = "libc++";
				CLANG_ENABLE_MODULES = YES;
				CLANG_ENABLE_OBJC_ARC = YES;
				CLANG_WARN_BOOL_CONVERSION = YES;
				CLANG_WARN_CONSTANT_CONVERSION = YES;
				CLANG_WARN_DIRECT_OBJC_ISA_USAGE = YES_ERROR;
				CLANG_WARN_DOCUMENTATION_COMMENTS = YES;
				CLANG_WARN_EMPTY_BODY = YES;
				CLANG_WARN_ENUM_CONVERSION = YES;
				CLANG_WARN_INFINITE_RECURSION = YES;
				CLANG_WARN_INT_CONVERSION = YES;
				CLANG_WARN_OBJC_ROOT_CLASS = YES_ERROR;
				CLANG_WARN_SUSPICIOUS_MOVE = YES;
				CLANG_WARN_UNREACHABLE_CODE = YES;
				CLANG_WARN__DUPLICATE_METHOD_MATCH = YES;
				"CODE_SIGN_IDENTITY[sdk=iphoneos*]" = "iPhone Developer";
				COPY_PHASE_STRIP = NO;
				DEBUG_INFORMATION_FORMAT = dwarf;
				ENABLE_STRICT_OBJC_MSGSEND = YES;
				ENABLE_TESTABILITY = YES;
				GCC_C_LANGUAGE_STANDARD = gnu99;
				GCC_DYNAMIC_NO_PIC = NO;
				GCC_NO_COMMON_BLOCKS = YES;
				GCC_OPTIMIZATION_LEVEL = 0;
				GCC_PREPROCESSOR_DEFINITIONS = (
					"DEBUG=1",
					"$(inherited)",
				);
				GCC_WARN_64_TO_32_BIT_CONVERSION = YES;
				GCC_WARN_ABOUT_RETURN_TYPE = YES_ERROR;
				GCC_WARN_UNDECLARED_SELECTOR = YES;
				GCC_WARN_UNINITIALIZED_AUTOS = YES_AGGRESSIVE;
				GCC_WARN_UNUSED_FUNCTION = YES;
				GCC_WARN_UNUSED_VARIABLE = YES;
				IPHONEOS_DEPLOYMENT_TARGET = 10.3;
				MTL_ENABLE_DEBUG_INFO = YES;
				ONLY_ACTIVE_ARCH = YES;
				SDKROOT = iphoneos;
			};
			name = Debug;
		};
		574586C11F3EFF01003711C7 /* Release */ = {
			isa = XCBuildConfiguration;
			buildSettings = {
				ALWAYS_SEARCH_USER_PATHS = NO;
				CLANG_ANALYZER_NONNULL = YES;
				CLANG_ANALYZER_NUMBER_OBJECT_CONVERSION = YES_AGGRESSIVE;
				CLANG_CXX_LANGUAGE_STANDARD = "gnu++0x";
				CLANG_CXX_LIBRARY = "libc++";
				CLANG_ENABLE_MODULES = YES;
				CLANG_ENABLE_OBJC_ARC = YES;
				CLANG_WARN_BOOL_CONVERSION = YES;
				CLANG_WARN_CONSTANT_CONVERSION = YES;
				CLANG_WARN_DIRECT_OBJC_ISA_USAGE = YES_ERROR;
				CLANG_WARN_DOCUMENTATION_COMMENTS = YES;
				CLANG_WARN_EMPTY_BODY = YES;
				CLANG_WARN_ENUM_CONVERSION = YES;
				CLANG_WARN_INFINITE_RECURSION = YES;
				CLANG_WARN_INT_CONVERSION = YES;
				CLANG_WARN_OBJC_ROOT_CLASS = YES_ERROR;
				CLANG_WARN_SUSPICIOUS_MOVE = YES;
				CLANG_WARN_UNREACHABLE_CODE = YES;
				CLANG_WARN__DUPLICATE_METHOD_MATCH = YES;
				"CODE_SIGN_IDENTITY[sdk=iphoneos*]" = "iPhone Developer";
				COPY_PHASE_STRIP = NO;
				DEBUG_INFORMATION_FORMAT = "dwarf-with-dsym";
				ENABLE_NS_ASSERTIONS = NO;
				ENABLE_STRICT_OBJC_MSGSEND = YES;
				GCC_C_LANGUAGE_STANDARD = gnu99;
				GCC_NO_COMMON_BLOCKS = YES;
				GCC_WARN_64_TO_32_BIT_CONVERSION = YES;
				GCC_WARN_ABOUT_RETURN_TYPE = YES_ERROR;
				GCC_WARN_UNDECLARED_SELECTOR = YES;
				GCC_WARN_UNINITIALIZED_AUTOS = YES_AGGRESSIVE;
				GCC_WARN_UNUSED_FUNCTION = YES;
				GCC_WARN_UNUSED_VARIABLE = YES;
				IPHONEOS_DEPLOYMENT_TARGET = 10.3;
				MTL_ENABLE_DEBUG_INFO = NO;
				SDKROOT = iphoneos;
				VALIDATE_PRODUCT = YES;
			};
			name = Release;
		};
		574586C31F3EFF01003711C7 /* Debug */ = {
			isa = XCBuildConfiguration;
			buildSettings = {
				ASSETCATALOG_COMPILER_APPICON_NAME = AppIcon;
				DEVELOPMENT_TEAM = BR65FN85AD;
				INFOPLIST_FILE = TestTitleView/Info.plist;
				LD_RUNPATH_SEARCH_PATHS = "$(inherited) @executable_path/Frameworks";
				PRODUCT_BUNDLE_IDENTIFIER = com.lexingtianxia.www.TestTitleView;
				PRODUCT_NAME = "$(TARGET_NAME)";
			};
			name = Debug;
		};
		574586C41F3EFF01003711C7 /* Release */ = {
			isa = XCBuildConfiguration;
			buildSettings = {
				ASSETCATALOG_COMPILER_APPICON_NAME = AppIcon;
				DEVELOPMENT_TEAM = BR65FN85AD;
				INFOPLIST_FILE = TestTitleView/Info.plist;
				LD_RUNPATH_SEARCH_PATHS = "$(inherited) @executable_path/Frameworks";
				PRODUCT_BUNDLE_IDENTIFIER = com.lexingtianxia.www.TestTitleView;
				PRODUCT_NAME = "$(TARGET_NAME)";
			};
			name = Release;
		};
/* End XCBuildConfiguration section */

/* Begin XCConfigurationList section */
		574586A61F3EFF01003711C7 /* Build configuration list for PBXProject "TestTitleView" */ = {
			isa = XCConfigurationList;
			buildConfigurations = (
				574586C01F3EFF01003711C7 /* Debug */,
				574586C11F3EFF01003711C7 /* Release */,
			);
			defaultConfigurationIsVisible = 0;
			defaultConfigurationName = Release;
		};
		574586C21F3EFF01003711C7 /* Build configuration list for PBXNativeTarget "TestTitleView" */ = {
			isa = XCConfigurationList;
			buildConfigurations = (
				574586C31F3EFF01003711C7 /* Debug */,
				574586C41F3EFF01003711C7 /* Release */,
			);
			defaultConfigurationIsVisible = 0;
			defaultConfigurationName = Release;
		};
/* End XCConfigurationList section */
	};
	rootObject = 574586A31F3EFF01003711C7 /* Project object */;
}
